{
  "name": "@vaultix/cli",
  "version": "1.0.0",
  "lockfileVersion": 3,
  "requires": true,
  "packages": {
    "": {
      "name": "@vaultix/cli",
      "version": "1.0.0",
      "license": "MIT",
      "dependencies": {
        "@vaultix/sdk": "file:../vaultix-sdk"
      },
      "bin": {
        "vaultix": "bin/cli.js"
      }
    },
    "../vaultix-sdk": {
      "name": "@vaultix/sdk",
      "version": "1.0.0",
      "license": "MIT",
      "devDependencies": {
        "typescript": "^5.0.0"
      }
    },
    "node_modules/@vaultix/sdk": {
      "resolved": "../vaultix-sdk",
      "link": true
    }
  }
}
